
Microsoft Visual Studio Solution File, Format Version 12.00
# Visual Studio Version 16
VisualStudioVersion = 16.0.30011.22
MinimumVisualStudioVersion = 10.0.40219.1
Project("{9A19103F-16F7-4668-BE54-9A1E7A4F7556}") = "Business", "Business\Business.csproj", "{425BC0B1-5323-464B-B48E-CC058CABAA34}"
EndProject
Project("{9A19103F-16F7-4668-BE54-9A1E7A4F7556}") = "DataAccess", "DataAccess\DataAccess.csproj", "{8066C992-ABE7-499F-A839-1B821D6D0A40}"
EndProject
Project("{9A19103F-16F7-4668-BE54-9A1E7A4F7556}") = "Entities", "Entities\Entities.csproj", "{779C0E3B-DE30-428D-97C3-A4606FDD6020}"
EndProject
Project("{9A19103F-16F7-4668-BE54-9A1E7A4F7556}") = "WebApi", "WebApi\WebApi.csproj", "{5FB9F004-61E5-4CEE-92C9-36EB6ADA350D}"
EndProject
Project("{9A19103F-16F7-4668-BE54-9A1E7A4F7556}") = "WebCore", "WebCore\WebCore.csproj", "{D5FF436D-AEE5-4781-A2F7-7FB0FBB59AE1}"
EndProject
Global
	GlobalSection(SolutionConfigurationPlatforms) = preSolution
		Debug|Any CPU = Debug|Any CPU
		Release|Any CPU = Release|Any CPU
	EndGlobalSection
	GlobalSection(ProjectConfigurationPlatforms) = postSolution
		{425BC0B1-5323-464B-B48E-CC058CABAA34}.Debug|Any CPU.ActiveCfg = Debug|Any CPU
		{425BC0B1-5323-464B-B48E-CC058CABAA34}.Debug|Any CPU.Build.0 = Debug|Any CPU
		{425BC0B1-5323-464B-B48E-CC058CABAA34}.Release|Any CPU.ActiveCfg = Release|Any CPU
		{425BC0B1-5323-464B-B48E-CC058CABAA34}.Release|Any CPU.Build.0 = Release|Any CPU
		{8066C992-ABE7-499F-A839-1B821D6D0A40}.Debug|Any CPU.ActiveCfg = Debug|Any CPU
		{8066C992-ABE7-499F-A839-1B821D6D0A40}.Debug|Any CPU.Build.0 = Debug|Any CPU
		{8066C992-ABE7-499F-A839-1B821D6D0A40}.Release|Any CPU.ActiveCfg = Release|Any CPU
		{8066C992-ABE7-499F-A839-1B821D6D0A40}.Release|Any CPU.Build.0 = Release|Any CPU
		{779C0E3B-DE30-428D-97C3-A4606FDD6020}.Debug|Any CPU.ActiveCfg = Debug|Any CPU
		{779C0E3B-DE30-428D-97C3-A4606FDD6020}.Debug|Any CPU.Build.0 = Debug|Any CPU
		{779C0E3B-DE30-428D-97C3-A4606FDD6020}.Release|Any CPU.ActiveCfg = Release|Any CPU
		{779C0E3B-DE30-428D-97C3-A4606FDD6020}.Release|Any CPU.Build.0 = Release|Any CPU
		{5FB9F004-61E5-4CEE-92C9-36EB6ADA350D}.Debug|Any CPU.ActiveCfg = Debug|Any CPU
		{5FB9F004-61E5-4CEE-92C9-36EB6ADA350D}.Debug|Any CPU.Build.0 = Debug|Any CPU
		{5FB9F004-61E5-4CEE-92C9-36EB6ADA350D}.Release|Any CPU.ActiveCfg = Release|Any CPU
		{5FB9F004-61E5-4CEE-92C9-36EB6ADA350D}.Release|Any CPU.Build.0 = Release|Any CPU
		{D5FF436D-AEE5-4781-A2F7-7FB0FBB59AE1}.Debug|Any CPU.ActiveCfg = Debug|Any CPU
		{D5FF436D-AEE5-4781-A2F7-7FB0FBB59AE1}.Debug|Any CPU.Build.0 = Debug|Any CPU
		{D5FF436D-AEE5-4781-A2F7-7FB0FBB59AE1}.Release|Any CPU.ActiveCfg = Release|Any CPU
		{D5FF436D-AEE5-4781-A2F7-7FB0FBB59AE1}.Release|Any CPU.Build.0 = Release|Any CPU
	EndGlobalSection
	GlobalSection(SolutionProperties) = preSolution
		HideSolutionNode = FALSE
	EndGlobalSection
	GlobalSection(ExtensibilityGlobals) = postSolution
		SolutionGuid = {970C8D3C-A9E5-413B-A79F-AAF5A7EE715F}
	EndGlobalSection
EndGlobal
